
Microsoft Visual Studio Solution File, Format Version 12.00
# Visual Studio 15
VisualStudioVersion = 15.0.28307.1022
MinimumVisualStudioVersion = 10.0.40219.1
Project("{FAE04EC0-301F-11D3-BF4B-00C04F79EFBC}") = "XRTarefas.Android", "XRTarefas\XRTarefas.Android\XRTarefas.Android.csproj", "{21A9489D-55EB-4FE2-9460-76E47E347F76}"
EndProject
Project("{FAE04EC0-301F-11D3-BF4B-00C04F79EFBC}") = "XRTarefas.iOS", "XRTarefas\XRTarefas.iOS\XRTarefas.iOS.csproj", "{18D7A211-F774-460F-A1DD-965286E7F733}"
EndProject
Project("{FAE04EC0-301F-11D3-BF4B-00C04F79EFBC}") = "XRTarefas.UWP", "XRTarefas\XRTarefas.UWP\XRTarefas.UWP.csproj", "{643C19B7-3081-44B9-AF05-7B0E11FEED1E}"
EndProject
Project("{FAE04EC0-301F-11D3-BF4B-00C04F79EFBC}") = "XRTarefas", "XRTarefas\XRTarefas\XRTarefas.csproj", "{01502880-6F8E-40CC-9871-1108778D0135}"
EndProject
Global
	GlobalSection(SolutionConfigurationPlatforms) = preSolution
		Ad-Hoc|Any CPU = Ad-Hoc|Any CPU
		Ad-Hoc|ARM = Ad-Hoc|ARM
		Ad-Hoc|iPhone = Ad-Hoc|iPhone
		Ad-Hoc|iPhoneSimulator = Ad-Hoc|iPhoneSimulator
		Ad-Hoc|x64 = Ad-Hoc|x64
		Ad-Hoc|x86 = Ad-Hoc|x86
		AppStore|Any CPU = AppStore|Any CPU
		AppStore|ARM = AppStore|ARM
		AppStore|iPhone = AppStore|iPhone
		AppStore|iPhoneSimulator = AppStore|iPhoneSimulator
		AppStore|x64 = AppStore|x64
		AppStore|x86 = AppStore|x86
		Debug|Any CPU = Debug|Any CPU
		Debug|ARM = Debug|ARM
		Debug|iPhone = Debug|iPhone
		Debug|iPhoneSimulator = Debug|iPhoneSimulator
		Debug|x64 = Debug|x64
		Debug|x86 = Debug|x86
		Release|Any CPU = Release|Any CPU
		Release|ARM = Release|ARM
		Release|iPhone = Release|iPhone
		Release|iPhoneSimulator = Release|iPhoneSimulator
		Release|x64 = Release|x64
		Release|x86 = Release|x86
	EndGlobalSection
	GlobalSection(ProjectConfigurationPlatforms) = postSolution
		{21A9489D-55EB-4FE2-9460-76E47E347F76}.Ad-Hoc|Any CPU.ActiveCfg = Release|Any CPU
		{21A9489D-55EB-4FE2-9460-76E47E347F76}.Ad-Hoc|Any CPU.Build.0 = Release|Any CPU
		{21A9489D-55EB-4FE2-9460-76E47E347F76}.Ad-Hoc|Any CPU.Deploy.0 = Release|Any CPU
		{21A9489D-55EB-4FE2-9460-76E47E347F76}.Ad-Hoc|ARM.ActiveCfg = Release|Any CPU
		{21A9489D-55EB-4FE2-9460-76E47E347F76}.Ad-Hoc|ARM.Build.0 = Release|Any CPU
		{21A9489D-55EB-4FE2-9460-76E47E347F76}.Ad-Hoc|ARM.Deploy.0 = Release|Any CPU
		{21A9489D-55EB-4FE2-9460-76E47E347F76}.Ad-Hoc|iPhone.ActiveCfg = Release|Any CPU
		{21A9489D-55EB-4FE2-9460-76E47E347F76}.Ad-Hoc|iPhone.Build.0 = Release|Any CPU
		{21A9489D-55EB-4FE2-9460-76E47E347F76}.Ad-Hoc|iPhone.Deploy.0 = Release|Any CPU
		{21A9489D-55EB-4FE2-9460-76E47E347F76}.Ad-Hoc|iPhoneSimulator.ActiveCfg = Release|Any CPU
		{21A9489D-55EB-4FE2-9460-76E47E347F76}.Ad-Hoc|iPhoneSimulator.Build.0 = Release|Any CPU
		{21A9489D-55EB-4FE2-9460-76E47E347F76}.Ad-Hoc|iPhoneSimulator.Deploy.0 = Release|Any CPU
		{21A9489D-55EB-4FE2-9460-76E47E347F76}.Ad-Hoc|x64.ActiveCfg = Release|Any CPU
		{21A9489D-55EB-4FE2-9460-76E47E347F76}.Ad-Hoc|x64.Build.0 = Release|Any CPU
		{21A9489D-55EB-4FE2-9460-76E47E347F76}.Ad-Hoc|x64.Deploy.0 = Release|Any CPU
		{21A9489D-55EB-4FE2-9460-76E47E347F76}.Ad-Hoc|x86.ActiveCfg = Release|Any CPU
		{21A9489D-55EB-4FE2-9460-76E47E347F76}.Ad-Hoc|x86.Build.0 = Release|Any CPU
		{21A9489D-55EB-4FE2-9460-76E47E347F76}.Ad-Hoc|x86.Deploy.0 = Release|Any CPU
		{21A9489D-55EB-4FE2-9460-76E47E347F76}.AppStore|Any CPU.ActiveCfg = Release|Any CPU
		{21A9489D-55EB-4FE2-9460-76E47E347F76}.AppStore|Any CPU.Build.0 = Release|Any CPU
		{21A9489D-55EB-4FE2-9460-76E47E347F76}.AppStore|Any CPU.Deploy.0 = Release|Any CPU
		{21A9489D-55EB-4FE2-9460-76E47E347F76}.AppStore|ARM.ActiveCfg = Release|Any CPU
		{21A9489D-55EB-4FE2-9460-76E47E347F76}.AppStore|ARM.Build.0 = Release|Any CPU
		{21A9489D-55EB-4FE2-9460-76E47E347F76}.AppStore|ARM.Deploy.0 = Release|Any CPU
		{21A9489D-55EB-4FE2-9460-76E47E347F76}.AppStore|iPhone.ActiveCfg = Release|Any CPU
		{21A9489D-55EB-4FE2-9460-76E47E347F76}.AppStore|iPhone.Build.0 = Release|Any CPU
		{21A9489D-55EB-4FE2-9460-76E47E347F76}.AppStore|iPhone.Deploy.0 = Release|Any CPU
		{21A9489D-55EB-4FE2-9460-76E47E347F76}.AppStore|iPhoneSimulator.ActiveCfg = Release|Any CPU
		{21A9489D-55EB-4FE2-9460-76E47E347F76}.AppStore|iPhoneSimulator.Build.0 = Release|Any CPU
		{21A9489D-55EB-4FE2-9460-76E47E347F76}.AppStore|iPhoneSimulator.Deploy.0 = Release|Any CPU
		{21A9489D-55EB-4FE2-9460-76E47E347F76}.AppStore|x64.ActiveCfg = Release|Any CPU
		{21A9489D-55EB-4FE2-9460-76E47E347F76}.AppStore|x64.Build.0 = Release|Any CPU
		{21A9489D-55EB-4FE2-9460-76E47E347F76}.AppStore|x64.Deploy.0 = Release|Any CPU
		{21A9489D-55EB-4FE2-9460-76E47E347F76}.AppStore|x86.ActiveCfg = Release|Any CPU
		{21A9489D-55EB-4FE2-9460-76E47E347F76}.AppStore|x86.Build.0 = Release|Any CPU
		{21A9489D-55EB-4FE2-9460-76E47E347F76}.AppStore|x86.Deploy.0 = Release|Any CPU
		{21A9489D-55EB-4FE2-9460-76E47E347F76}.Debug|Any CPU.ActiveCfg = Debug|Any CPU
		{21A9489D-55EB-4FE2-9460-76E47E347F76}.Debug|Any CPU.Build.0 = Debug|Any CPU
		{21A9489D-55EB-4FE2-9460-76E47E347F76}.Debug|Any CPU.Deploy.0 = Debug|Any CPU
		{21A9489D-55EB-4FE2-9460-76E47E347F76}.Debug|ARM.ActiveCfg = Debug|Any CPU
		{21A9489D-55EB-4FE2-9460-76E47E347F76}.Debug|ARM.Build.0 = Debug|Any CPU
		{21A9489D-55EB-4FE2-9460-76E47E347F76}.Debug|ARM.Deploy.0 = Debug|Any CPU
		{21A9489D-55EB-4FE2-9460-76E47E347F76}.Debug|iPhone.ActiveCfg = Debug|Any CPU
		{21A9489D-55EB-4FE2-9460-76E47E347F76}.Debug|iPhone.Build.0 = Debug|Any CPU
		{21A9489D-55EB-4FE2-9460-76E47E347F76}.Debug|iPhone.Deploy.0 = Debug|Any CPU
		{21A9489D-55EB-4FE2-9460-76E47E347F76}.Debug|iPhoneSimulator.ActiveCfg = Debug|Any CPU
		{21A9489D-55EB-4FE2-9460-76E47E347F76}.Debug|iPhoneSimulator.Build.0 = Debug|Any CPU
		{21A9489D-55EB-4FE2-9460-76E47E347F76}.Debug|iPhoneSimulator.Deploy.0 = Debug|Any CPU
		{21A9489D-55EB-4FE2-9460-76E47E347F76}.Debug|x64.ActiveCfg = Debug|Any CPU
		{21A9489D-55EB-4FE2-9460-76E47E347F76}.Debug|x64.Build.0 = Debug|Any CPU
		{21A9489D-55EB-4FE2-9460-76E47E347F76}.Debug|x64.Deploy.0 = Debug|Any CPU
		{21A9489D-55EB-4FE2-9460-76E47E347F76}.Debug|x86.ActiveCfg = Debug|Any CPU
		{21A9489D-55EB-4FE2-9460-76E47E347F76}.Debug|x86.Build.0 = Debug|Any CPU
		{21A9489D-55EB-4FE2-9460-76E47E347F76}.Debug|x86.Deploy.0 = Debug|Any CPU
		{21A9489D-55EB-4FE2-9460-76E47E347F76}.Release|Any CPU.ActiveCfg = Release|Any CPU
		{21A9489D-55EB-4FE2-9460-76E47E347F76}.Release|Any CPU.Build.0 = Release|Any CPU
		{21A9489D-55EB-4FE2-9460-76E47E347F76}.Release|Any CPU.Deploy.0 = Release|Any CPU
		{21A9489D-55EB-4FE2-9460-76E47E347F76}.Release|ARM.ActiveCfg = Release|Any CPU
		{21A9489D-55EB-4FE2-9460-76E47E347F76}.Release|ARM.Build.0 = Release|Any CPU
		{21A9489D-55EB-4FE2-9460-76E47E347F76}.Release|ARM.Deploy.0 = Release|Any CPU
		{21A9489D-55EB-4FE2-9460-76E47E347F76}.Release|iPhone.ActiveCfg = Release|Any CPU
		{21A9489D-55EB-4FE2-9460-76E47E347F76}.Release|iPhone.Build.0 = Release|Any CPU
		{21A9489D-55EB-4FE2-9460-76E47E347F76}.Release|iPhone.Deploy.0 = Release|Any CPU
		{21A9489D-55EB-4FE2-9460-76E47E347F76}.Release|iPhoneSimulator.ActiveCfg = Release|Any CPU
		{21A9489D-55EB-4FE2-9460-76E47E347F76}.Release|iPhoneSimulator.Build.0 = Release|Any CPU
		{21A9489D-55EB-4FE2-9460-76E47E347F76}.Release|iPhoneSimulator.Deploy.0 = Release|Any CPU
		{21A9489D-55EB-4FE2-9460-76E47E347F76}.Release|x64.ActiveCfg = Release|Any CPU
		{21A9489D-55EB-4FE2-9460-76E47E347F76}.Release|x64.Build.0 = Release|Any CPU
		{21A9489D-55EB-4FE2-9460-76E47E347F76}.Release|x64.Deploy.0 = Release|Any CPU
		{21A9489D-55EB-4FE2-9460-76E47E347F76}.Release|x86.ActiveCfg = Release|Any CPU
		{21A9489D-55EB-4FE2-9460-76E47E347F76}.Release|x86.Build.0 = Release|Any CPU
		{21A9489D-55EB-4FE2-9460-76E47E347F76}.Release|x86.Deploy.0 = Release|Any CPU
		{18D7A211-F774-460F-A1DD-965286E7F733}.Ad-Hoc|Any CPU.ActiveCfg = Ad-Hoc|iPhone
		{18D7A211-F774-460F-A1DD-965286E7F733}.Ad-Hoc|Any CPU.Build.0 = Ad-Hoc|iPhone
		{18D7A211-F774-460F-A1DD-965286E7F733}.Ad-Hoc|Any CPU.Deploy.0 = Ad-Hoc|iPhone
		{18D7A211-F774-460F-A1DD-965286E7F733}.Ad-Hoc|ARM.ActiveCfg = Ad-Hoc|iPhone
		{18D7A211-F774-460F-A1DD-965286E7F733}.Ad-Hoc|ARM.Build.0 = Ad-Hoc|iPhone
		{18D7A211-F774-460F-A1DD-965286E7F733}.Ad-Hoc|ARM.Deploy.0 = Ad-Hoc|iPhone
		{18D7A211-F774-460F-A1DD-965286E7F733}.Ad-Hoc|iPhone.ActiveCfg = Ad-Hoc|iPhone
		{18D7A211-F774-460F-A1DD-965286E7F733}.Ad-Hoc|iPhone.Build.0 = Ad-Hoc|iPhone
		{18D7A211-F774-460F-A1DD-965286E7F733}.Ad-Hoc|iPhone.Deploy.0 = Ad-Hoc|iPhone
		{18D7A211-F774-460F-A1DD-965286E7F733}.Ad-Hoc|iPhoneSimulator.ActiveCfg = Ad-Hoc|iPhoneSimulator
		{18D7A211-F774-460F-A1DD-965286E7F733}.Ad-Hoc|iPhoneSimulator.Build.0 = Ad-Hoc|iPhoneSimulator
		{18D7A211-F774-460F-A1DD-965286E7F733}.Ad-Hoc|iPhoneSimulator.Deploy.0 = Ad-Hoc|iPhoneSimulator
		{18D7A211-F774-460F-A1DD-965286E7F733}.Ad-Hoc|x64.ActiveCfg = Ad-Hoc|iPhone
		{18D7A211-F774-460F-A1DD-965286E7F733}.Ad-Hoc|x64.Build.0 = Ad-Hoc|iPhone
		{18D7A211-F774-460F-A1DD-965286E7F733}.Ad-Hoc|x64.Deploy.0 = Ad-Hoc|iPhone
		{18D7A211-F774-460F-A1DD-965286E7F733}.Ad-Hoc|x86.ActiveCfg = Ad-Hoc|iPhone
		{18D7A211-F774-460F-A1DD-965286E7F733}.Ad-Hoc|x86.Build.0 = Ad-Hoc|iPhone
		{18D7A211-F774-460F-A1DD-965286E7F733}.Ad-Hoc|x86.Deploy.0 = Ad-Hoc|iPhone
		{18D7A211-F774-460F-A1DD-965286E7F733}.AppStore|Any CPU.ActiveCfg = AppStore|iPhone
		{18D7A211-F774-460F-A1DD-965286E7F733}.AppStore|Any CPU.Build.0 = AppStore|iPhone
		{18D7A211-F774-460F-A1DD-965286E7F733}.AppStore|Any CPU.Deploy.0 = AppStore|iPhone
		{18D7A211-F774-460F-A1DD-965286E7F733}.AppStore|ARM.ActiveCfg = AppStore|iPhone
		{18D7A211-F774-460F-A1DD-965286E7F733}.AppStore|ARM.Build.0 = AppStore|iPhone
		{18D7A211-F774-460F-A1DD-965286E7F733}.AppStore|ARM.Deploy.0 = AppStore|iPhone
		{18D7A211-F774-460F-A1DD-965286E7F733}.AppStore|iPhone.ActiveCfg = AppStore|iPhone
		{18D7A211-F774-460F-A1DD-965286E7F733}.AppStore|iPhone.Build.0 = AppStore|iPhone
		{18D7A211-F774-460F-A1DD-965286E7F733}.AppStore|iPhone.Deploy.0 = AppStore|iPhone
		{18D7A211-F774-460F-A1DD-965286E7F733}.AppStore|iPhoneSimulator.ActiveCfg = AppStore|iPhoneSimulator
		{18D7A211-F774-460F-A1DD-965286E7F733}.AppStore|iPhoneSimulator.Build.0 = AppStore|iPhoneSimulator
		{18D7A211-F774-460F-A1DD-965286E7F733}.AppStore|iPhoneSimulator.Deploy.0 = AppStore|iPhoneSimulator
		{18D7A211-F774-460F-A1DD-965286E7F733}.AppStore|x64.ActiveCfg = AppStore|iPhone
		{18D7A211-F774-460F-A1DD-965286E7F733}.AppStore|x64.Build.0 = AppStore|iPhone
		{18D7A211-F774-460F-A1DD-965286E7F733}.AppStore|x64.Deploy.0 = AppStore|iPhone
		{18D7A211-F774-460F-A1DD-965286E7F733}.AppStore|x86.ActiveCfg = AppStore|iPhone
		{18D7A211-F774-460F-A1DD-965286E7F733}.AppStore|x86.Build.0 = AppStore|iPhone
		{18D7A211-F774-460F-A1DD-965286E7F733}.AppStore|x86.Deploy.0 = AppStore|iPhone
		{18D7A211-F774-460F-A1DD-965286E7F733}.Debug|Any CPU.ActiveCfg = Debug|iPhoneSimulator
		{18D7A211-F774-460F-A1DD-965286E7F733}.Debug|Any CPU.Build.0 = Debug|iPhoneSimulator
		{18D7A211-F774-460F-A1DD-965286E7F733}.Debug|Any CPU.Deploy.0 = Debug|iPhoneSimulator
		{18D7A211-F774-460F-A1DD-965286E7F733}.Debug|ARM.ActiveCfg = Debug|iPhone
		{18D7A211-F774-460F-A1DD-965286E7F733}.Debug|ARM.Build.0 = Debug|iPhone
		{18D7A211-F774-460F-A1DD-965286E7F733}.Debug|ARM.Deploy.0 = Debug|iPhone
		{18D7A211-F774-460F-A1DD-965286E7F733}.Debug|iPhone.ActiveCfg = Debug|iPhone
		{18D7A211-F774-460F-A1DD-965286E7F733}.Debug|iPhone.Build.0 = Debug|iPhone
		{18D7A211-F774-460F-A1DD-965286E7F733}.Debug|iPhone.Deploy.0 = Debug|iPhone
		{18D7A211-F774-460F-A1DD-965286E7F733}.Debug|iPhoneSimulator.ActiveCfg = Debug|iPhoneSimulator
		{18D7A211-F774-460F-A1DD-965286E7F733}.Debug|iPhoneSimulator.Build.0 = Debug|iPhoneSimulator
		{18D7A211-F774-460F-A1DD-965286E7F733}.Debug|iPhoneSimulator.Deploy.0 = Debug|iPhoneSimulator
		{18D7A211-F774-460F-A1DD-965286E7F733}.Debug|x64.ActiveCfg = Debug|iPhone
		{18D7A211-F774-460F-A1DD-965286E7F733}.Debug|x64.Build.0 = Debug|iPhone
		{18D7A211-F774-460F-A1DD-965286E7F733}.Debug|x64.Deploy.0 = Debug|iPhone
		{18D7A211-F774-460F-A1DD-965286E7F733}.Debug|x86.ActiveCfg = Debug|iPhone
		{18D7A211-F774-460F-A1DD-965286E7F733}.Debug|x86.Build.0 = Debug|iPhone
		{18D7A211-F774-460F-A1DD-965286E7F733}.Debug|x86.Deploy.0 = Debug|iPhone
		{18D7A211-F774-460F-A1DD-965286E7F733}.Release|Any CPU.ActiveCfg = Release|iPhone
		{18D7A211-F774-460F-A1DD-965286E7F733}.Release|Any CPU.Build.0 = Release|iPhone
		{18D7A211-F774-460F-A1DD-965286E7F733}.Release|Any CPU.Deploy.0 = Release|iPhone
		{18D7A211-F774-460F-A1DD-965286E7F733}.Release|ARM.ActiveCfg = Release|iPhone
		{18D7A211-F774-460F-A1DD-965286E7F733}.Release|ARM.Build.0 = Release|iPhone
		{18D7A211-F774-460F-A1DD-965286E7F733}.Release|ARM.Deploy.0 = Release|iPhone
		{18D7A211-F774-460F-A1DD-965286E7F733}.Release|iPhone.ActiveCfg = Release|iPhone
		{18D7A211-F774-460F-A1DD-965286E7F733}.Release|iPhone.Build.0 = Release|iPhone
		{18D7A211-F774-460F-A1DD-965286E7F733}.Release|iPhone.Deploy.0 = Release|iPhone
		{18D7A211-F774-460F-A1DD-965286E7F733}.Release|iPhoneSimulator.ActiveCfg = Release|iPhoneSimulator
		{18D7A211-F774-460F-A1DD-965286E7F733}.Release|iPhoneSimulator.Build.0 = Release|iPhoneSimulator
		{18D7A211-F774-460F-A1DD-965286E7F733}.Release|iPhoneSimulator.Deploy.0 = Release|iPhoneSimulator
		{18D7A211-F774-460F-A1DD-965286E7F733}.Release|x64.ActiveCfg = Release|iPhone
		{18D7A211-F774-460F-A1DD-965286E7F733}.Release|x64.Build.0 = Release|iPhone
		{18D7A211-F774-460F-A1DD-965286E7F733}.Release|x64.Deploy.0 = Release|iPhone
		{18D7A211-F774-460F-A1DD-965286E7F733}.Release|x86.ActiveCfg = Release|iPhone
		{18D7A211-F774-460F-A1DD-965286E7F733}.Release|x86.Build.0 = Release|iPhone
		{18D7A211-F774-460F-A1DD-965286E7F733}.Release|x86.Deploy.0 = Release|iPhone
		{643C19B7-3081-44B9-AF05-7B0E11FEED1E}.Ad-Hoc|Any CPU.ActiveCfg = Release|x86
		{643C19B7-3081-44B9-AF05-7B0E11FEED1E}.Ad-Hoc|Any CPU.Build.0 = Release|x86
		{643C19B7-3081-44B9-AF05-7B0E11FEED1E}.Ad-Hoc|Any CPU.Deploy.0 = Release|x86
		{643C19B7-3081-44B9-AF05-7B0E11FEED1E}.Ad-Hoc|ARM.ActiveCfg = Release|ARM
		{643C19B7-3081-44B9-AF05-7B0E11FEED1E}.Ad-Hoc|ARM.Build.0 = Release|ARM
		{643C19B7-3081-44B9-AF05-7B0E11FEED1E}.Ad-Hoc|ARM.Deploy.0 = Release|ARM
		{643C19B7-3081-44B9-AF05-7B0E11FEED1E}.Ad-Hoc|iPhone.ActiveCfg = Release|x86
		{643C19B7-3081-44B9-AF05-7B0E11FEED1E}.Ad-Hoc|iPhone.Build.0 = Release|x86
		{643C19B7-3081-44B9-AF05-7B0E11FEED1E}.Ad-Hoc|iPhone.Deploy.0 = Release|x86
		{643C19B7-3081-44B9-AF05-7B0E11FEED1E}.Ad-Hoc|iPhoneSimulator.ActiveCfg = Release|x86
		{643C19B7-3081-44B9-AF05-7B0E11FEED1E}.Ad-Hoc|iPhoneSimulator.Build.0 = Release|x86
		{643C19B7-3081-44B9-AF05-7B0E11FEED1E}.Ad-Hoc|iPhoneSimulator.Deploy.0 = Release|x86
		{643C19B7-3081-44B9-AF05-7B0E11FEED1E}.Ad-Hoc|x64.ActiveCfg = Release|x64
		{643C19B7-3081-44B9-AF05-7B0E11FEED1E}.Ad-Hoc|x64.Build.0 = Release|x64
		{643C19B7-3081-44B9-AF05-7B0E11FEED1E}.Ad-Hoc|x64.Deploy.0 = Release|x64
		{643C19B7-3081-44B9-AF05-7B0E11FEED1E}.Ad-Hoc|x86.ActiveCfg = Release|x86
		{643C19B7-3081-44B9-AF05-7B0E11FEED1E}.Ad-Hoc|x86.Build.0 = Release|x86
		{643C19B7-3081-44B9-AF05-7B0E11FEED1E}.Ad-Hoc|x86.Deploy.0 = Release|x86
		{643C19B7-3081-44B9-AF05-7B0E11FEED1E}.AppStore|Any CPU.ActiveCfg = Release|x86
		{643C19B7-3081-44B9-AF05-7B0E11FEED1E}.AppStore|Any CPU.Build.0 = Release|x86
		{643C19B7-3081-44B9-AF05-7B0E11FEED1E}.AppStore|Any CPU.Deploy.0 = Release|x86
		{643C19B7-3081-44B9-AF05-7B0E11FEED1E}.AppStore|ARM.ActiveCfg = Release|ARM
		{643C19B7-3081-44B9-AF05-7B0E11FEED1E}.AppStore|ARM.Build.0 = Release|ARM
		{643C19B7-3081-44B9-AF05-7B0E11FEED1E}.AppStore|ARM.Deploy.0 = Release|ARM
		{643C19B7-3081-44B9-AF05-7B0E11FEED1E}.AppStore|iPhone.ActiveCfg = Release|x86
		{643C19B7-3081-44B9-AF05-7B0E11FEED1E}.AppStore|iPhone.Build.0 = Release|x86
		{643C19B7-3081-44B9-AF05-7B0E11FEED1E}.AppStore|iPhone.Deploy.0 = Release|x86
		{643C19B7-3081-44B9-AF05-7B0E11FEED1E}.AppStore|iPhoneSimulator.ActiveCfg = Release|x86
		{643C19B7-3081-44B9-AF05-7B0E11FEED1E}.AppStore|iPhoneSimulator.Build.0 = Release|x86
		{643C19B7-3081-44B9-AF05-7B0E11FEED1E}.AppStore|iPhoneSimulator.Deploy.0 = Release|x86
		{643C19B7-3081-44B9-AF05-7B0E11FEED1E}.AppStore|x64.ActiveCfg = Release|x64
		{643C19B7-3081-44B9-AF05-7B0E11FEED1E}.AppStore|x64.Build.0 = Release|x64
		{643C19B7-3081-44B9-AF05-7B0E11FEED1E}.AppStore|x64.Deploy.0 = Release|x64
		{643C19B7-3081-44B9-AF05-7B0E11FEED1E}.AppStore|x86.ActiveCfg = Release|x86
		{643C19B7-3081-44B9-AF05-7B0E11FEED1E}.AppStore|x86.Build.0 = Release|x86
		{643C19B7-3081-44B9-AF05-7B0E11FEED1E}.AppStore|x86.Deploy.0 = Release|x86
		{643C19B7-3081-44B9-AF05-7B0E11FEED1E}.Debug|Any CPU.ActiveCfg = Debug|x86
		{643C19B7-3081-44B9-AF05-7B0E11FEED1E}.Debug|Any CPU.Build.0 = Debug|x86
		{643C19B7-3081-44B9-AF05-7B0E11FEED1E}.Debug|Any CPU.Deploy.0 = Debug|x86
		{643C19B7-3081-44B9-AF05-7B0E11FEED1E}.Debug|ARM.ActiveCfg = Debug|ARM
		{643C19B7-3081-44B9-AF05-7B0E11FEED1E}.Debug|ARM.Build.0 = Debug|ARM
		{643C19B7-3081-44B9-AF05-7B0E11FEED1E}.Debug|ARM.Deploy.0 = Debug|ARM
		{643C19B7-3081-44B9-AF05-7B0E11FEED1E}.Debug|iPhone.ActiveCfg = Debug|x86
		{643C19B7-3081-44B9-AF05-7B0E11FEED1E}.Debug|iPhone.Build.0 = Debug|x86
		{643C19B7-3081-44B9-AF05-7B0E11FEED1E}.Debug|iPhone.Deploy.0 = Debug|x86
		{643C19B7-3081-44B9-AF05-7B0E11FEED1E}.Debug|iPhoneSimulator.ActiveCfg = Debug|x86
		{643C19B7-3081-44B9-AF05-7B0E11FEED1E}.Debug|iPhoneSimulator.Build.0 = Debug|x86
		{643C19B7-3081-44B9-AF05-7B0E11FEED1E}.Debug|iPhoneSimulator.Deploy.0 = Debug|x86
		{643C19B7-3081-44B9-AF05-7B0E11FEED1E}.Debug|x64.ActiveCfg = Debug|x64
		{643C19B7-3081-44B9-AF05-7B0E11FEED1E}.Debug|x64.Build.0 = Debug|x64
		{643C19B7-3081-44B9-AF05-7B0E11FEED1E}.Debug|x64.Deploy.0 = Debug|x64
		{643C19B7-3081-44B9-AF05-7B0E11FEED1E}.Debug|x86.ActiveCfg = Debug|x86
		{643C19B7-3081-44B9-AF05-7B0E11FEED1E}.Debug|x86.Build.0 = Debug|x86
		{643C19B7-3081-44B9-AF05-7B0E11FEED1E}.Debug|x86.Deploy.0 = Debug|x86
		{643C19B7-3081-44B9-AF05-7B0E11FEED1E}.Release|Any CPU.ActiveCfg = Release|x86
		{643C19B7-3081-44B9-AF05-7B0E11FEED1E}.Release|Any CPU.Build.0 = Release|x86
		{643C19B7-3081-44B9-AF05-7B0E11FEED1E}.Release|Any CPU.Deploy.0 = Release|x86
		{643C19B7-3081-44B9-AF05-7B0E11FEED1E}.Release|ARM.ActiveCfg = Release|ARM
		{643C19B7-3081-44B9-AF05-7B0E11FEED1E}.Release|ARM.Build.0 = Release|ARM
		{643C19B7-3081-44B9-AF05-7B0E11FEED1E}.Release|ARM.Deploy.0 = Release|ARM
		{643C19B7-3081-44B9-AF05-7B0E11FEED1E}.Release|iPhone.ActiveCfg = Release|x86
		{643C19B7-3081-44B9-AF05-7B0E11FEED1E}.Release|iPhone.Build.0 = Release|x86
		{643C19B7-3081-44B9-AF05-7B0E11FEED1E}.Release|iPhone.Deploy.0 = Release|x86
		{643C19B7-3081-44B9-AF05-7B0E11FEED1E}.Release|iPhoneSimulator.ActiveCfg = Release|x86
		{643C19B7-3081-44B9-AF05-7B0E11FEED1E}.Release|iPhoneSimulator.Build.0 = Release|x86
		{643C19B7-3081-44B9-AF05-7B0E11FEED1E}.Release|iPhoneSimulator.Deploy.0 = Release|x86
		{643C19B7-3081-44B9-AF05-7B0E11FEED1E}.Release|x64.ActiveCfg = Release|x64
		{643C19B7-3081-44B9-AF05-7B0E11FEED1E}.Release|x64.Build.0 = Release|x64
		{643C19B7-3081-44B9-AF05-7B0E11FEED1E}.Release|x64.Deploy.0 = Release|x64
		{643C19B7-3081-44B9-AF05-7B0E11FEED1E}.Release|x86.ActiveCfg = Release|x86
		{643C19B7-3081-44B9-AF05-7B0E11FEED1E}.Release|x86.Build.0 = Release|x86
		{643C19B7-3081-44B9-AF05-7B0E11FEED1E}.Release|x86.Deploy.0 = Release|x86
		{01502880-6F8E-40CC-9871-1108778D0135}.Ad-Hoc|Any CPU.ActiveCfg = Debug|Any CPU
		{01502880-6F8E-40CC-9871-1108778D0135}.Ad-Hoc|Any CPU.Build.0 = Debug|Any CPU
		{01502880-6F8E-40CC-9871-1108778D0135}.Ad-Hoc|Any CPU.Deploy.0 = Debug|Any CPU
		{01502880-6F8E-40CC-9871-1108778D0135}.Ad-Hoc|ARM.ActiveCfg = Debug|Any CPU
		{01502880-6F8E-40CC-9871-1108778D0135}.Ad-Hoc|ARM.Build.0 = Debug|Any CPU
		{01502880-6F8E-40CC-9871-1108778D0135}.Ad-Hoc|ARM.Deploy.0 = Debug|Any CPU
		{01502880-6F8E-40CC-9871-1108778D0135}.Ad-Hoc|iPhone.ActiveCfg = Debug|Any CPU
		{01502880-6F8E-40CC-9871-1108778D0135}.Ad-Hoc|iPhone.Build.0 = Debug|Any CPU
		{01502880-6F8E-40CC-9871-1108778D0135}.Ad-Hoc|iPhone.Deploy.0 = Debug|Any CPU
		{01502880-6F8E-40CC-9871-1108778D0135}.Ad-Hoc|iPhoneSimulator.ActiveCfg = Debug|Any CPU
		{01502880-6F8E-40CC-9871-1108778D0135}.Ad-Hoc|iPhoneSimulator.Build.0 = Debug|Any CPU
		{01502880-6F8E-40CC-9871-1108778D0135}.Ad-Hoc|iPhoneSimulator.Deploy.0 = Debug|Any CPU
		{01502880-6F8E-40CC-9871-1108778D0135}.Ad-Hoc|x64.ActiveCfg = Debug|Any CPU
		{01502880-6F8E-40CC-9871-1108778D0135}.Ad-Hoc|x64.Build.0 = Debug|Any CPU
		{01502880-6F8E-40CC-9871-1108778D0135}.Ad-Hoc|x64.Deploy.0 = Debug|Any CPU
		{01502880-6F8E-40CC-9871-1108778D0135}.Ad-Hoc|x86.ActiveCfg = Debug|Any CPU
		{01502880-6F8E-40CC-9871-1108778D0135}.Ad-Hoc|x86.Build.0 = Debug|Any CPU
		{01502880-6F8E-40CC-9871-1108778D0135}.Ad-Hoc|x86.Deploy.0 = Debug|Any CPU
		{01502880-6F8E-40CC-9871-1108778D0135}.AppStore|Any CPU.ActiveCfg = Debug|Any CPU
		{01502880-6F8E-40CC-9871-1108778D0135}.AppStore|Any CPU.Build.0 = Debug|Any CPU
		{01502880-6F8E-40CC-9871-1108778D0135}.AppStore|Any CPU.Deploy.0 = Debug|Any CPU
		{01502880-6F8E-40CC-9871-1108778D0135}.AppStore|ARM.ActiveCfg = Debug|Any CPU
		{01502880-6F8E-40CC-9871-1108778D0135}.AppStore|ARM.Build.0 = Debug|Any CPU
		{01502880-6F8E-40CC-9871-1108778D0135}.AppStore|ARM.Deploy.0 = Debug|Any CPU
		{01502880-6F8E-40CC-9871-1108778D0135}.AppStore|iPhone.ActiveCfg = Debug|Any CPU
		{01502880-6F8E-40CC-9871-1108778D0135}.AppStore|iPhone.Build.0 = Debug|Any CPU
		{01502880-6F8E-40CC-9871-1108778D0135}.AppStore|iPhone.Deploy.0 = Debug|Any CPU
		{01502880-6F8E-40CC-9871-1108778D0135}.AppStore|iPhoneSimulator.ActiveCfg = Debug|Any CPU
		{01502880-6F8E-40CC-9871-1108778D0135}.AppStore|iPhoneSimulator.Build.0 = Debug|Any CPU
		{01502880-6F8E-40CC-9871-1108778D0135}.AppStore|iPhoneSimulator.Deploy.0 = Debug|Any CPU
		{01502880-6F8E-40CC-9871-1108778D0135}.AppStore|x64.ActiveCfg = Debug|Any CPU
		{01502880-6F8E-40CC-9871-1108778D0135}.AppStore|x64.Build.0 = Debug|Any CPU
		{01502880-6F8E-40CC-9871-1108778D0135}.AppStore|x64.Deploy.0 = Debug|Any CPU
		{01502880-6F8E-40CC-9871-1108778D0135}.AppStore|x86.ActiveCfg = Debug|Any CPU
		{01502880-6F8E-40CC-9871-1108778D0135}.AppStore|x86.Build.0 = Debug|Any CPU
		{01502880-6F8E-40CC-9871-1108778D0135}.AppStore|x86.Deploy.0 = Debug|Any CPU
		{01502880-6F8E-40CC-9871-1108778D0135}.Debug|Any CPU.ActiveCfg = Debug|Any CPU
		{01502880-6F8E-40CC-9871-1108778D0135}.Debug|Any CPU.Build.0 = Debug|Any CPU
		{01502880-6F8E-40CC-9871-1108778D0135}.Debug|Any CPU.Deploy.0 = Debug|Any CPU
		{01502880-6F8E-40CC-9871-1108778D0135}.Debug|ARM.ActiveCfg = Debug|Any CPU
		{01502880-6F8E-40CC-9871-1108778D0135}.Debug|ARM.Build.0 = Debug|Any CPU
		{01502880-6F8E-40CC-9871-1108778D0135}.Debug|ARM.Deploy.0 = Debug|Any CPU
		{01502880-6F8E-40CC-9871-1108778D0135}.Debug|iPhone.ActiveCfg = Debug|Any CPU
		{01502880-6F8E-40CC-9871-1108778D0135}.Debug|iPhone.Build.0 = Debug|Any CPU
		{01502880-6F8E-40CC-9871-1108778D0135}.Debug|iPhone.Deploy.0 = Debug|Any CPU
		{01502880-6F8E-40CC-9871-1108778D0135}.Debug|iPhoneSimulator.ActiveCfg = Debug|Any CPU
		{01502880-6F8E-40CC-9871-1108778D0135}.Debug|iPhoneSimulator.Build.0 = Debug|Any CPU
		{01502880-6F8E-40CC-9871-1108778D0135}.Debug|iPhoneSimulator.Deploy.0 = Debug|Any CPU
		{01502880-6F8E-40CC-9871-1108778D0135}.Debug|x64.ActiveCfg = Debug|Any CPU
		{01502880-6F8E-40CC-9871-1108778D0135}.Debug|x64.Build.0 = Debug|Any CPU
		{01502880-6F8E-40CC-9871-1108778D0135}.Debug|x64.Deploy.0 = Debug|Any CPU
		{01502880-6F8E-40CC-9871-1108778D0135}.Debug|x86.ActiveCfg = Debug|Any CPU
		{01502880-6F8E-40CC-9871-1108778D0135}.Debug|x86.Build.0 = Debug|Any CPU
		{01502880-6F8E-40CC-9871-1108778D0135}.Debug|x86.Deploy.0 = Debug|Any CPU
		{01502880-6F8E-40CC-9871-1108778D0135}.Release|Any CPU.ActiveCfg = Release|Any CPU
		{01502880-6F8E-40CC-9871-1108778D0135}.Release|Any CPU.Build.0 = Release|Any CPU
		{01502880-6F8E-40CC-9871-1108778D0135}.Release|Any CPU.Deploy.0 = Release|Any CPU
		{01502880-6F8E-40CC-9871-1108778D0135}.Release|ARM.ActiveCfg = Release|Any CPU
		{01502880-6F8E-40CC-9871-1108778D0135}.Release|ARM.Build.0 = Release|Any CPU
		{01502880-6F8E-40CC-9871-1108778D0135}.Release|ARM.Deploy.0 = Release|Any CPU
		{01502880-6F8E-40CC-9871-1108778D0135}.Release|iPhone.ActiveCfg = Release|Any CPU
		{01502880-6F8E-40CC-9871-1108778D0135}.Release|iPhone.Build.0 = Release|Any CPU
		{01502880-6F8E-40CC-9871-1108778D0135}.Release|iPhone.Deploy.0 = Release|Any CPU
		{01502880-6F8E-40CC-9871-1108778D0135}.Release|iPhoneSimulator.ActiveCfg = Release|Any CPU
		{01502880-6F8E-40CC-9871-1108778D0135}.Release|iPhoneSimulator.Build.0 = Release|Any CPU
		{01502880-6F8E-40CC-9871-1108778D0135}.Release|iPhoneSimulator.Deploy.0 = Release|Any CPU
		{01502880-6F8E-40CC-9871-1108778D0135}.Release|x64.ActiveCfg = Release|Any CPU
		{01502880-6F8E-40CC-9871-1108778D0135}.Release|x64.Build.0 = Release|Any CPU
		{01502880-6F8E-40CC-9871-1108778D0135}.Release|x64.Deploy.0 = Release|Any CPU
		{01502880-6F8E-40CC-9871-1108778D0135}.Release|x86.ActiveCfg = Release|Any CPU
		{01502880-6F8E-40CC-9871-1108778D0135}.Release|x86.Build.0 = Release|Any CPU
		{01502880-6F8E-40CC-9871-1108778D0135}.Release|x86.Deploy.0 = Release|Any CPU
	EndGlobalSection
	GlobalSection(SolutionProperties) = preSolution
		HideSolutionNode = FALSE
	EndGlobalSection
	GlobalSection(ExtensibilityGlobals) = postSolution
		SolutionGuid = {349FF253-884F-41B8-893C-6D94B5A116BD}
	EndGlobalSection
EndGlobal
